// !$*UTF8*$!
{
	archiveVersion = 1;
	classes = {
	};
	objectVersion = 56;
	objects = {

/* Begin PBXBuildFile section */
		3263AC482B020F1C0028DAF3 /* CustomCocoaPodSwift.docc in Sources */ = {isa = PBXBuildFile; fileRef = 3263AC472B020F1C0028DAF3 /* CustomCocoaPodSwift.docc */; };
		3263AC4E2B020F1D0028DAF3 /* CustomCocoaPodSwift.framework in Frameworks */ = {isa = PBXBuildFile; fileRef = 3263AC432B020F1C0028DAF3 /* CustomCocoaPodSwift.framework */; };
		3263AC532B020F1D0028DAF3 /* CustomCocoaPodSwiftTests.swift in Sources */ = {isa = PBXBuildFile; fileRef = 3263AC522B020F1D0028DAF3 /* CustomCocoaPodSwiftTests.swift */; };
		3263AC542B020F1D0028DAF3 /* CustomCocoaPodSwift.h in Headers */ = {isa = PBXBuildFile; fileRef = 3263AC462B020F1C0028DAF3 /* CustomCocoaPodSwift.h */; settings = {ATTRIBUTES = (Public, ); }; };
/* End PBXBuildFile section */

/* Begin PBXContainerItemProxy section */
		3263AC4F2B020F1D0028DAF3 /* PBXContainerItemProxy */ = {
			isa = PBXContainerItemProxy;
			containerPortal = 3263AC3A2B020F1C0028DAF3 /* Project object */;
			proxyType = 1;
			remoteGlobalIDString = 3263AC422B020F1C0028DAF3;
			remoteInfo = CustomCocoaPodSwift;
		};
/* End PBXContainerItemProxy section */

/* Begin PBXFileReference section */
		3263AC432B020F1C0028DAF3 /* CustomCocoaPodSwift.framework */ = {isa = PBXFileReference; explicitFileType = wrapper.framework; includeInIndex = 0; path = CustomCocoaPodSwift.framework; sourceTree = BUILT_PRODUCTS_DIR; };
		3263AC462B020F1C0028DAF3 /* CustomCocoaPodSwift.h */ = {isa = PBXFileReference; lastKnownFileType = sourcecode.c.h; path = CustomCocoaPodSwift.h; sourceTree = "<group>"; };
		3263AC472B020F1C0028DAF3 /* CustomCocoaPodSwift.docc */ = {isa = PBXFileReference; lastKnownFileType = folder.documentationcatalog; path = CustomCocoaPodSwift.docc; sourceTree = "<group>"; };
		3263AC4D2B020F1D0028DAF3 /* CustomCocoaPodSwiftTests.xctest */ = {isa = PBXFileReference; explicitFileType = wrapper.cfbundle; includeInIndex = 0; path = CustomCocoaPodSwiftTests.xctest; sourceTree = BUILT_PRODUCTS_DIR; };
		3263AC522B020F1D0028DAF3 /* CustomCocoaPodSwiftTests.swift */ = {isa = PBXFileReference; lastKnownFileType = sourcecode.swift; path = CustomCocoaPodSwiftTests.swift; sourceTree = "<group>"; };
/* End PBXFileReference section */

/* Begin PBXFrameworksBuildPhase section */
		3263AC402B020F1C0028DAF3 /* Frameworks */ = {
			isa = PBXFrameworksBuildPhase;
			buildActionMask = 2147483647;
			files = (
			);
			runOnlyForDeploymentPostprocessing = 0;
		};
		3263AC4A2B020F1D0028DAF3 /* Frameworks */ = {
			isa = PBXFrameworksBuildPhase;
			buildActionMask = 2147483647;
			files = (
				3263AC4E2B020F1D0028DAF3 /* CustomCocoaPodSwift.framework in Frameworks */,
			);
			runOnlyForDeploymentPostprocessing = 0;
		};
/* End PBXFrameworksBuildPhase section */

/* Begin PBXGroup section */
		3263AC392B020F1C0028DAF3 = {
			isa = PBXGroup;
			children = (
				3263AC452B020F1C0028DAF3 /* CustomCocoaPodSwift */,
				3263AC512B020F1D0028DAF3 /* CustomCocoaPodSwiftTests */,
				3263AC442B020F1C0028DAF3 /* Products */,
			);
			sourceTree = "<group>";
		};
		3263AC442B020F1C0028DAF3 /* Products */ = {
			isa = PBXGroup;
			children = (
				3263AC432B020F1C0028DAF3 /* CustomCocoaPodSwift.framework */,
				3263AC4D2B020F1D0028DAF3 /* CustomCocoaPodSwiftTests.xctest */,
			);
			name = Products;
			sourceTree = "<group>";
		};
		3263AC452B020F1C0028DAF3 /* CustomCocoaPodSwift */ = {
			isa = PBXGroup;
			children = (
				3263AC462B020F1C0028DAF3 /* CustomCocoaPodSwift.h */,
				3263AC472B020F1C0028DAF3 /* CustomCocoaPodSwift.docc */,
			);
			path = CustomCocoaPodSwift;
			sourceTree = "<group>";
		};
		3263AC512B020F1D0028DAF3 /* CustomCocoaPodSwiftTests */ = {
			isa = PBXGroup;
			children = (
				3263AC522B020F1D0028DAF3 /* CustomCocoaPodSwiftTests.swift */,
			);
			path = CustomCocoaPodSwiftTests;
			sourceTree = "<group>";
		};
/* End PBXGroup section */

/* Begin PBXHeadersBuildPhase section */
		3263AC3E2B020F1C0028DAF3 /* Headers */ = {
			isa = PBXHeadersBuildPhase;
			buildActionMask = 2147483647;
			files = (
				3263AC542B020F1D0028DAF3 /* CustomCocoaPodSwift.h in Headers */,
			);
			runOnlyForDeploymentPostprocessing = 0;
		};
/* End PBXHeadersBuildPhase section */

/* Begin PBXNativeTarget section */
		3263AC422B020F1C0028DAF3 /* CustomCocoaPodSwift */ = {
			isa = PBXNativeTarget;
			buildConfigurationList = 3263AC572B020F1D0028DAF3 /* Build configuration list for PBXNativeTarget "CustomCocoaPodSwift" */;
			buildPhases = (
				3263AC3E2B020F1C0028DAF3 /* Headers */,
				3263AC3F2B020F1C0028DAF3 /* Sources */,
				3263AC402B020F1C0028DAF3 /* Frameworks */,
				3263AC412B020F1C0028DAF3 /* Resources */,
			);
			buildRules = (
			);
			dependencies = (
			);
			name = CustomCocoaPodSwift;
			productName = CustomCocoaPodSwift;
			productReference = 3263AC432B020F1C0028DAF3 /* CustomCocoaPodSwift.framework */;
			productType = "com.apple.product-type.framework";
		};
		3263AC4C2B020F1D0028DAF3 /* CustomCocoaPodSwiftTests */ = {
			isa = PBXNativeTarget;
			buildConfigurationList = 3263AC5A2B020F1D0028DAF3 /* Build configuration list for PBXNativeTarget "CustomCocoaPodSwiftTests" */;
			buildPhases = (
				3263AC492B020F1D0028DAF3 /* Sources */,
				3263AC4A2B020F1D0028DAF3 /* Frameworks */,
				3263AC4B2B020F1D0028DAF3 /* Resources */,
			);
			buildRules = (
			);
			dependencies = (
				3263AC502B020F1D0028DAF3 /* PBXTargetDependency */,
			);
			name = CustomCocoaPodSwiftTests;
			productName = CustomCocoaPodSwiftTests;
			productReference = 3263AC4D2B020F1D0028DAF3 /* CustomCocoaPodSwiftTests.xctest */;
			productType = "com.apple.product-type.bundle.unit-test";
		};
/* End PBXNativeTarget section */

/* Begin PBXProject section */
		3263AC3A2B020F1C0028DAF3 /* Project object */ = {
			isa = PBXProject;
			attributes = {
				BuildIndependentTargetsInParallel = 1;
				LastSwiftUpdateCheck = 1500;
				LastUpgradeCheck = 1500;
				TargetAttributes = {
					3263AC422B020F1C0028DAF3 = {
						CreatedOnToolsVersion = 15.0.1;
					};
					3263AC4C2B020F1D0028DAF3 = {
						CreatedOnToolsVersion = 15.0.1;
					};
				};
			};
			buildConfigurationList = 3263AC3D2B020F1C0028DAF3 /* Build configuration list for PBXProject "CustomCocoaPodSwift" */;
			compatibilityVersion = "Xcode 14.0";
			developmentRegion = en;
			hasScannedForEncodings = 0;
			knownRegions = (
				en,
				Base,
			);
			mainGroup = 3263AC392B020F1C0028DAF3;
			productRefGroup = 3263AC442B020F1C0028DAF3 /* Products */;
			projectDirPath = "";
			projectRoot = "";
			targets = (
				3263AC422B020F1C0028DAF3 /* CustomCocoaPodSwift */,
				3263AC4C2B020F1D0028DAF3 /* CustomCocoaPodSwiftTests */,
			);
		};
/* End PBXProject section */

/* Begin PBXResourcesBuildPhase section */
		3263AC412B020F1C0028DAF3 /* Resources */ = {
			isa = PBXResourcesBuildPhase;
			buildActionMask = 2147483647;
			files = (
			);
			runOnlyForDeploymentPostprocessing = 0;
		};
		3263AC4B2B020F1D0028DAF3 /* Resources */ = {
			isa = PBXResourcesBuildPhase;
			buildActionMask = 2147483647;
			files = (
			);
			runOnlyForDeploymentPostprocessing = 0;
		};
/* End PBXResourcesBuildPhase section */

/* Begin PBXSourcesBuildPhase section */
		3263AC3F2B020F1C0028DAF3 /* Sources */ = {
			isa = PBXSourcesBuildPhase;
			buildActionMask = 2147483647;
			files = (
				3263AC482B020F1C0028DAF3 /* CustomCocoaPodSwift.docc in Sources */,
			);
			runOnlyForDeploymentPostprocessing = 0;
		};
		3263AC492B020F1D0028DAF3 /* Sources */ = {
			isa = PBXSourcesBuildPhase;
			buildActionMask = 2147483647;
			files = (
				3263AC532B020F1D0028DAF3 /* CustomCocoaPodSwiftTests.swift in Sources */,
			);
			runOnlyForDeploymentPostprocessing = 0;
		};
/* End PBXSourcesBuildPhase section */

/* Begin PBXTargetDependency section */
		3263AC502B020F1D0028DAF3 /* PBXTargetDependency */ = {
			isa = PBXTargetDependency;
			target = 3263AC422B020F1C0028DAF3 /* CustomCocoaPodSwift */;
			targetProxy = 3263AC4F2B020F1D0028DAF3 /* PBXContainerItemProxy */;
		};
/* End PBXTargetDependency section */

/* Begin XCBuildConfiguration section */
		3263AC552B020F1D0028DAF3 /* Debug */ = {
			isa = XCBuildConfiguration;
			buildSettings = {
				ALWAYS_SEARCH_USER_PATHS = NO;
				ASSETCATALOG_COMPILER_GENERATE_SWIFT_ASSET_SYMBOL_EXTENSIONS = YES;
				CLANG_ANALYZER_NONNULL = YES;
				CLANG_ANALYZER_NUMBER_OBJECT_CONVERSION = YES_AGGRESSIVE;
				CLANG_CXX_LANGUAGE_STANDARD = "gnu++20";
				CLANG_ENABLE_MODULES = YES;
				CLANG_ENABLE_OBJC_ARC = YES;
				CLANG_ENABLE_OBJC_WEAK = YES;
				CLANG_WARN_BLOCK_CAPTURE_AUTORELEASING = YES;
				CLANG_WARN_BOOL_CONVERSION = YES;
				CLANG_WARN_COMMA = YES;
				CLANG_WARN_CONSTANT_CONVERSION = YES;
				CLANG_WARN_DEPRECATED_OBJC_IMPLEMENTATIONS = YES;
				CLANG_WARN_DIRECT_OBJC_ISA_USAGE = YES_ERROR;
				CLANG_WARN_DOCUMENTATION_COMMENTS = YES;
				CLANG_WARN_EMPTY_BODY = YES;
				CLANG_WARN_ENUM_CONVERSION = YES;
				CLANG_WARN_INFINITE_RECURSION = YES;
				CLANG_WARN_INT_CONVERSION = YES;
				CLANG_WARN_NON_LITERAL_NULL_CONVERSION = YES;
				CLANG_WARN_OBJC_IMPLICIT_RETAIN_SELF = YES;
				CLANG_WARN_OBJC_LITERAL_CONVERSION = YES;
				CLANG_WARN_OBJC_ROOT_CLASS = YES_ERROR;
				CLANG_WARN_QUOTED_INCLUDE_IN_FRAMEWORK_HEADER = YES;
				CLANG_WARN_RANGE_LOOP_ANALYSIS = YES;
				CLANG_WARN_STRICT_PROTOTYPES = YES;
				CLANG_WARN_SUSPICIOUS_MOVE = YES;
				CLANG_WARN_UNGUARDED_AVAILABILITY = YES_AGGRESSIVE;
				CLANG_WARN_UNREACHABLE_CODE = YES;
				CLANG_WARN__DUPLICATE_METHOD_MATCH = YES;
				COPY_PHASE_STRIP = NO;
				CURRENT_PROJECT_VERSION = 1;
				DEBUG_INFORMATION_FORMAT = dwarf;
				ENABLE_STRICT_OBJC_MSGSEND = YES;
				ENABLE_TESTABILITY = YES;
				ENABLE_USER_SCRIPT_SANDBOXING = YES;
				GCC_C_LANGUAGE_STANDARD = gnu17;
				GCC_DYNAMIC_NO_PIC = NO;
				GCC_NO_COMMON_BLOCKS = YES;
				GCC_OPTIMIZATION_LEVEL = 0;
				GCC_PREPROCESSOR_DEFINITIONS = (
					"DEBUG=1",
					"$(inherited)",
				);
				GCC_WARN_64_TO_32_BIT_CONVERSION = YES;
				GCC_WARN_ABOUT_RETURN_TYPE = YES_ERROR;
				GCC_WARN_UNDECLARED_SELECTOR = YES;
				GCC_WARN_UNINITIALIZED_AUTOS = YES_AGGRESSIVE;
				GCC_WARN_UNUSED_FUNCTION = YES;
				GCC_WARN_UNUSED_VARIABLE = YES;
				IPHONEOS_DEPLOYMENT_TARGET = 17.0;
				LOCALIZATION_PREFERS_STRING_CATALOGS = YES;
				MTL_ENABLE_DEBUG_INFO = INCLUDE_SOURCE;
				MTL_FAST_MATH = YES;
				ONLY_ACTIVE_ARCH = YES;
				SDKROOT = iphoneos;
				SWIFT_ACTIVE_COMPILATION_CONDITIONS = "DEBUG $(inherited)";
				SWIFT_OPTIMIZATION_LEVEL = "-Onone";
				VERSIONING_SYSTEM = "apple-generic";
				VERSION_INFO_PREFIX = "";
			};
			name = Debug;
		};
		3263AC562B020F1D0028DAF3 /* Release */ = {
			isa = XCBuildConfiguration;
			buildSettings = {
				ALWAYS_SEARCH_USER_PATHS = NO;
				ASSETCATALOG_COMPILER_GENERATE_SWIFT_ASSET_SYMBOL_EXTENSIONS = YES;
				CLANG_ANALYZER_NONNULL = YES;
				CLANG_ANALYZER_NUMBER_OBJECT_CONVERSION = YES_AGGRESSIVE;
				CLANG_CXX_LANGUAGE_STANDARD = "gnu++20";
				CLANG_ENABLE_MODULES = YES;
				CLANG_ENABLE_OBJC_ARC = YES;
				CLANG_ENABLE_OBJC_WEAK = YES;
				CLANG_WARN_BLOCK_CAPTURE_AUTORELEASING = YES;
				CLANG_WARN_BOOL_CONVERSION = YES;
				CLANG_WARN_COMMA = YES;
				CLANG_WARN_CONSTANT_CONVERSION = YES;
				CLANG_WARN_DEPRECATED_OBJC_IMPLEMENTATIONS = YES;
				CLANG_WARN_DIRECT_OBJC_ISA_USAGE = YES_ERROR;
				CLANG_WARN_DOCUMENTATION_COMMENTS = YES;
				CLANG_WARN_EMPTY_BODY = YES;
				CLANG_WARN_ENUM_CONVERSION = YES;
				CLANG_WARN_INFINITE_RECURSION = YES;
				CLANG_WARN_INT_CONVERSION = YES;
				CLANG_WARN_NON_LITERAL_NULL_CONVERSION = YES;
				CLANG_WARN_OBJC_IMPLICIT_RETAIN_SELF = YES;
				CLANG_WARN_OBJC_LITERAL_CONVERSION = YES;
				CLANG_WARN_OBJC_ROOT_CLASS = YES_ERROR;
				CLANG_WARN_QUOTED_INCLUDE_IN_FRAMEWORK_HEADER = YES;
				CLANG_WARN_RANGE_LOOP_ANALYSIS = YES;
				CLANG_WARN_STRICT_PROTOTYPES = YES;
				CLANG_WARN_SUSPICIOUS_MOVE = YES;
				CLANG_WARN_UNGUARDED_AVAILABILITY = YES_AGGRESSIVE;
				CLANG_WARN_UNREACHABLE_CODE = YES;
				CLANG_WARN__DUPLICATE_METHOD_MATCH = YES;
				COPY_PHASE_STRIP = NO;
				CURRENT_PROJECT_VERSION = 1;
				DEBUG_INFORMATION_FORMAT = "dwarf-with-dsym";
				ENABLE_NS_ASSERTIONS = NO;
				ENABLE_STRICT_OBJC_MSGSEND = YES;
				ENABLE_USER_SCRIPT_SANDBOXING = YES;
				GCC_C_LANGUAGE_STANDARD = gnu17;
				GCC_NO_COMMON_BLOCKS = YES;
				GCC_WARN_64_TO_32_BIT_CONVERSION = YES;
				GCC_WARN_ABOUT_RETURN_TYPE = YES_ERROR;
				GCC_WARN_UNDECLARED_SELECTOR = YES;
				GCC_WARN_UNINITIALIZED_AUTOS = YES_AGGRESSIVE;
				GCC_WARN_UNUSED_FUNCTION = YES;
				GCC_WARN_UNUSED_VARIABLE = YES;
				IPHONEOS_DEPLOYMENT_TARGET = 17.0;
				LOCALIZATION_PREFERS_STRING_CATALOGS = YES;
				MTL_ENABLE_DEBUG_INFO = NO;
				MTL_FAST_MATH = YES;
				SDKROOT = iphoneos;
				SWIFT_COMPILATION_MODE = wholemodule;
				VALIDATE_PRODUCT = YES;
				VERSIONING_SYSTEM = "apple-generic";
				VERSION_INFO_PREFIX = "";
			};
			name = Release;
		};
		3263AC582B020F1D0028DAF3 /* Debug */ = {
			isa = XCBuildConfiguration;
			buildSettings = {
				CODE_SIGN_STYLE = Automatic;
				CURRENT_PROJECT_VERSION = 1;
				DEFINES_MODULE = YES;
				DYLIB_COMPATIBILITY_VERSION = 1;
				DYLIB_CURRENT_VERSION = 1;
				DYLIB_INSTALL_NAME_BASE = "@rpath";
				ENABLE_MODULE_VERIFIER = YES;
				GENERATE_INFOPLIST_FILE = YES;
				INFOPLIST_KEY_NSHumanReadableCopyright = "";
				INSTALL_PATH = "$(LOCAL_LIBRARY_DIR)/Frameworks";
				LD_RUNPATH_SEARCH_PATHS = (
					"$(inherited)",
					"@executable_path/Frameworks",
					"@loader_path/Frameworks",
				);
				MARKETING_VERSION = 1.0;
				MODULE_VERIFIER_SUPPORTED_LANGUAGES = "objective-c objective-c++";
				MODULE_VERIFIER_SUPPORTED_LANGUAGE_STANDARDS = "gnu17 gnu++20";
				PRODUCT_BUNDLE_IDENTIFIER = Vijay.CustomCocoaPodSwift;
				PRODUCT_NAME = "$(TARGET_NAME:c99extidentifier)";
				SKIP_INSTALL = YES;
				SWIFT_EMIT_LOC_STRINGS = YES;
				SWIFT_VERSION = 5.0;
				TARGETED_DEVICE_FAMILY = "1,2";
			};
			name = Debug;
		};
		3263AC592B020F1D0028DAF3 /* Release */ = {
			isa = XCBuildConfiguration;
			buildSettings = {
				CODE_SIGN_STYLE = Automatic;
				CURRENT_PROJECT_VERSION = 1;
				DEFINES_MODULE = YES;
				DYLIB_COMPATIBILITY_VERSION = 1;
				DYLIB_CURRENT_VERSION = 1;
				DYLIB_INSTALL_NAME_BASE = "@rpath";
				ENABLE_MODULE_VERIFIER = YES;
				GENERATE_INFOPLIST_FILE = YES;
				INFOPLIST_KEY_NSHumanReadableCopyright = "";
				INSTALL_PATH = "$(LOCAL_LIBRARY_DIR)/Frameworks";
				LD_RUNPATH_SEARCH_PATHS = (
					"$(inherited)",
					"@executable_path/Frameworks",
					"@loader_path/Frameworks",
				);
				MARKETING_VERSION = 1.0;
				MODULE_VERIFIER_SUPPORTED_LANGUAGES = "objective-c objective-c++";
				MODULE_VERIFIER_SUPPORTED_LANGUAGE_STANDARDS = "gnu17 gnu++20";
				PRODUCT_BUNDLE_IDENTIFIER = Vijay.CustomCocoaPodSwift;
				PRODUCT_NAME = "$(TARGET_NAME:c99extidentifier)";
				SKIP_INSTALL = YES;
				SWIFT_EMIT_LOC_STRINGS = YES;
				SWIFT_VERSION = 5.0;
				TARGETED_DEVICE_FAMILY = "1,2";
			};
			name = Release;
		};
		3263AC5B2B020F1D0028DAF3 /* Debug */ = {
			isa = XCBuildConfiguration;
			buildSettings = {
				CODE_SIGN_STYLE = Automatic;
				CURRENT_PROJECT_VERSION = 1;
				GENERATE_INFOPLIST_FILE = YES;
				MARKETING_VERSION = 1.0;
				PRODUCT_BUNDLE_IDENTIFIER = Vijay.CustomCocoaPodSwiftTests;
				PRODUCT_NAME = "$(TARGET_NAME)";
				SWIFT_EMIT_LOC_STRINGS = NO;
				SWIFT_VERSION = 5.0;
				TARGETED_DEVICE_FAMILY = "1,2";
			};
			name = Debug;
		};
		3263AC5C2B020F1D0028DAF3 /* Release */ = {
			isa = XCBuildConfiguration;
			buildSettings = {
				CODE_SIGN_STYLE = Automatic;
				CURRENT_PROJECT_VERSION = 1;
				GENERATE_INFOPLIST_FILE = YES;
				MARKETING_VERSION = 1.0;
				PRODUCT_BUNDLE_IDENTIFIER = Vijay.CustomCocoaPodSwiftTests;
				PRODUCT_NAME = "$(TARGET_NAME)";
				SWIFT_EMIT_LOC_STRINGS = NO;
				SWIFT_VERSION = 5.0;
				TARGETED_DEVICE_FAMILY = "1,2";
			};
			name = Release;
		};
/* End XCBuildConfiguration section */

/* Begin XCConfigurationList section */
		3263AC3D2B020F1C0028DAF3 /* Build configuration list for PBXProject "CustomCocoaPodSwift" */ = {
			isa = XCConfigurationList;
			buildConfigurations = (
				3263AC552B020F1D0028DAF3 /* Debug */,
				3263AC562B020F1D0028DAF3 /* Release */,
			);
			defaultConfigurationIsVisible = 0;
			defaultConfigurationName = Release;
		};
		3263AC572B020F1D0028DAF3 /* Build configuration list for PBXNativeTarget "CustomCocoaPodSwift" */ = {
			isa = XCConfigurationList;
			buildConfigurations = (
				3263AC582B020F1D0028DAF3 /* Debug */,
				3263AC592B020F1D0028DAF3 /* Release */,
			);
			defaultConfigurationIsVisible = 0;
			defaultConfigurationName = Release;
		};
		3263AC5A2B020F1D0028DAF3 /* Build configuration list for PBXNativeTarget "CustomCocoaPodSwiftTests" */ = {
			isa = XCConfigurationList;
			buildConfigurations = (
				3263AC5B2B020F1D0028DAF3 /* Debug */,
				3263AC5C2B020F1D0028DAF3 /* Release */,
			);
			defaultConfigurationIsVisible = 0;
			defaultConfigurationName = Release;
		};
/* End XCConfigurationList section */
	};
	rootObject = 3263AC3A2B020F1C0028DAF3 /* Project object */;
}
